
Microsoft Visual Studio Solution File, Format Version 12.00
# Visual Studio 15
VisualStudioVersion = 15.0.27428.2027
MinimumVisualStudioVersion = 10.0.40219.1
Project("{FAE04EC0-301F-11D3-BF4B-00C04F79EFBC}") = "Massimo", "Massimo\Massimo.csproj", "{C656302F-E6DD-40BB-8A1E-782BD3FC4CC1}"
EndProject
Project("{FAE04EC0-301F-11D3-BF4B-00C04F79EFBC}") = "Massimo.Tests", "Massimo.Tests\Massimo.Tests.csproj", "{2BC2C00B-68B6-4F60-AD98-B82696F37EA0}"
EndProject
Global
	GlobalSection(SolutionConfigurationPlatforms) = preSolution
		Debug|Any CPU = Debug|Any CPU
		Release|Any CPU = Release|Any CPU
	EndGlobalSection
	GlobalSection(ProjectConfigurationPlatforms) = postSolution
		{C656302F-E6DD-40BB-8A1E-782BD3FC4CC1}.Debug|Any CPU.ActiveCfg = Debug|Any CPU
		{C656302F-E6DD-40BB-8A1E-782BD3FC4CC1}.Debug|Any CPU.Build.0 = Debug|Any CPU
		{C656302F-E6DD-40BB-8A1E-782BD3FC4CC1}.Release|Any CPU.ActiveCfg = Release|Any CPU
		{C656302F-E6DD-40BB-8A1E-782BD3FC4CC1}.Release|Any CPU.Build.0 = Release|Any CPU
		{2BC2C00B-68B6-4F60-AD98-B82696F37EA0}.Debug|Any CPU.ActiveCfg = Debug|Any CPU
		{2BC2C00B-68B6-4F60-AD98-B82696F37EA0}.Debug|Any CPU.Build.0 = Debug|Any CPU
		{2BC2C00B-68B6-4F60-AD98-B82696F37EA0}.Release|Any CPU.ActiveCfg = Release|Any CPU
		{2BC2C00B-68B6-4F60-AD98-B82696F37EA0}.Release|Any CPU.Build.0 = Release|Any CPU
	EndGlobalSection
	GlobalSection(SolutionProperties) = preSolution
		HideSolutionNode = FALSE
	EndGlobalSection
	GlobalSection(ExtensibilityGlobals) = postSolution
		SolutionGuid = {9580266D-F013-48CD-BCB7-5B0D09882943}
	EndGlobalSection
EndGlobal
